github.com/Role1776/gigago v1.0.0-rc.1 h1:Oi70sgHYd7xgO19A3RKWdFSBX98RfP3O1KKFb+AKNeM=
github.com/Role1776/gigago v1.0.0-rc.1/go.mod h1:X/LPEXMCs8u1deqCj2n+MdBBJp5/2lCvoFBUdJ/ilu0=
github.com/google/uuid v1.6.0 h1:NIvaJDMOsjHA8n1jAhLSgzrAzy1Hgr+hNrb57e+94F0=
github.com/google/uuid v1.6.0/go.mod h1:TIyPZe4MgqvfeYDBFedMoGGpEw/LqOeaOT+nhxU+yHo=
github.com/joho/godotenv v1.5.1 h1:7eLL/+HRGLY0ldzfGMeQkb7vMd0as4CfYvUVzLqw0N0=
github.com/joho/godotenv v1.5.1/go.mod h1:f4LDr5Voq0i2e/R5DDNOoa2zzDfwtkZa6DnEwAbqwq4=
